
Microsoft Visual Studio Solution File, Format Version 12.00
# Visual Studio Version 17
VisualStudioVersion = 17.13.35825.156
MinimumVisualStudioVersion = 10.0.40219.1
Project("{FAE04EC0-301F-11D3-BF4B-00C04F79EFBC}") = "Demo.Web", "Demo.Web\Demo.Web.csproj", "{3FF11016-1A4F-4EFD-9B66-77E6ED0FFE73}"
EndProject
Project("{FAE04EC0-301F-11D3-BF4B-00C04F79EFBC}") = "Demo.Application", "Demo.Application\Demo.Application.csproj", "{3A8BA015-B7A4-449D-B4EC-26CE6BC61C90}"
EndProject
Project("{FAE04EC0-301F-11D3-BF4B-00C04F79EFBC}") = "Demo.Domain", "Demo.Domain\Demo.Domain.csproj", "{B3EFCD95-1BE0-48C7-8C50-A3B74D39132C}"
EndProject
Project("{FAE04EC0-301F-11D3-BF4B-00C04F79EFBC}") = "Demo.Infrastructure", "Demo.Infrastructure\Demo.Infrastructure.csproj", "{8FD35810-771D-41D5-BFC2-C9BFBBDFA581}"
EndProject
Global
	GlobalSection(SolutionConfigurationPlatforms) = preSolution
		Debug|Any CPU = Debug|Any CPU
		Release|Any CPU = Release|Any CPU
	EndGlobalSection
	GlobalSection(ProjectConfigurationPlatforms) = postSolution
		{3FF11016-1A4F-4EFD-9B66-77E6ED0FFE73}.Debug|Any CPU.ActiveCfg = Debug|Any CPU
		{3FF11016-1A4F-4EFD-9B66-77E6ED0FFE73}.Debug|Any CPU.Build.0 = Debug|Any CPU
		{3FF11016-1A4F-4EFD-9B66-77E6ED0FFE73}.Release|Any CPU.ActiveCfg = Release|Any CPU
		{3FF11016-1A4F-4EFD-9B66-77E6ED0FFE73}.Release|Any CPU.Build.0 = Release|Any CPU
		{3A8BA015-B7A4-449D-B4EC-26CE6BC61C90}.Debug|Any CPU.ActiveCfg = Debug|Any CPU
		{3A8BA015-B7A4-449D-B4EC-26CE6BC61C90}.Debug|Any CPU.Build.0 = Debug|Any CPU
		{3A8BA015-B7A4-449D-B4EC-26CE6BC61C90}.Release|Any CPU.ActiveCfg = Release|Any CPU
		{3A8BA015-B7A4-449D-B4EC-26CE6BC61C90}.Release|Any CPU.Build.0 = Release|Any CPU
		{B3EFCD95-1BE0-48C7-8C50-A3B74D39132C}.Debug|Any CPU.ActiveCfg = Debug|Any CPU
		{B3EFCD95-1BE0-48C7-8C50-A3B74D39132C}.Debug|Any CPU.Build.0 = Debug|Any CPU
		{B3EFCD95-1BE0-48C7-8C50-A3B74D39132C}.Release|Any CPU.ActiveCfg = Release|Any CPU
		{B3EFCD95-1BE0-48C7-8C50-A3B74D39132C}.Release|Any CPU.Build.0 = Release|Any CPU
		{8FD35810-771D-41D5-BFC2-C9BFBBDFA581}.Debug|Any CPU.ActiveCfg = Debug|Any CPU
		{8FD35810-771D-41D5-BFC2-C9BFBBDFA581}.Debug|Any CPU.Build.0 = Debug|Any CPU
		{8FD35810-771D-41D5-BFC2-C9BFBBDFA581}.Release|Any CPU.ActiveCfg = Release|Any CPU
		{8FD35810-771D-41D5-BFC2-C9BFBBDFA581}.Release|Any CPU.Build.0 = Release|Any CPU
	EndGlobalSection
	GlobalSection(SolutionProperties) = preSolution
		HideSolutionNode = FALSE
	EndGlobalSection
	GlobalSection(ExtensibilityGlobals) = postSolution
		SolutionGuid = {D86CC5C1-ADB6-4831-9BBD-308EDD2588ED}
	EndGlobalSection
EndGlobal
